// !$*UTF8*$!
{
	archiveVersion = 1;
	classes = {
	};
	objectVersion = 56;
	objects = {

/* Begin PBXBuildFile section */
		6ACE6F0C2A45E5D700BE1481 /* AppDelegate.swift in Sources */ = {isa = PBXBuildFile; fileRef = 6ACE6F0B2A45E5D700BE1481 /* AppDelegate.swift */; };
		6ACE6F0E2A45E5D700BE1481 /* SceneDelegate.swift in Sources */ = {isa = PBXBuildFile; fileRef = 6ACE6F0D2A45E5D700BE1481 /* SceneDelegate.swift */; };
		6ACE6F132A45E5D700BE1481 /* Main.storyboard in Resources */ = {isa = PBXBuildFile; fileRef = 6ACE6F112A45E5D700BE1481 /* Main.storyboard */; };
		6ACE6F152A45E5D800BE1481 /* Assets.xcassets in Resources */ = {isa = PBXBuildFile; fileRef = 6ACE6F142A45E5D800BE1481 /* Assets.xcassets */; };
		6ACE6F182A45E5D800BE1481 /* LaunchScreen.storyboard in Resources */ = {isa = PBXBuildFile; fileRef = 6ACE6F162A45E5D800BE1481 /* LaunchScreen.storyboard */; };
		6ACE6F212A45E76B00BE1481 /* WeatherListTableViewController.swift in Sources */ = {isa = PBXBuildFile; fileRef = 6ACE6F202A45E76B00BE1481 /* WeatherListTableViewController.swift */; };
		6ACE6F232A45E79C00BE1481 /* AddWeatherCityViewController.swift in Sources */ = {isa = PBXBuildFile; fileRef = 6ACE6F222A45E79C00BE1481 /* AddWeatherCityViewController.swift */; };
		6ACE6F262A46051B00BE1481 /* WeatherCell.swift in Sources */ = {isa = PBXBuildFile; fileRef = 6ACE6F252A46051B00BE1481 /* WeatherCell.swift */; };
		6ACE6F292A460DA000BE1481 /* WebService.swift in Sources */ = {isa = PBXBuildFile; fileRef = 6ACE6F282A460DA000BE1481 /* WebService.swift */; };
/* End PBXBuildFile section */

/* Begin PBXFileReference section */
		6ACE6F082A45E5D700BE1481 /* GoodWeather_MVVM.app */ = {isa = PBXFileReference; explicitFileType = wrapper.application; includeInIndex = 0; path = GoodWeather_MVVM.app; sourceTree = BUILT_PRODUCTS_DIR; };
		6ACE6F0B2A45E5D700BE1481 /* AppDelegate.swift */ = {isa = PBXFileReference; lastKnownFileType = sourcecode.swift; path = AppDelegate.swift; sourceTree = "<group>"; };
		6ACE6F0D2A45E5D700BE1481 /* SceneDelegate.swift */ = {isa = PBXFileReference; lastKnownFileType = sourcecode.swift; path = SceneDelegate.swift; sourceTree = "<group>"; };
		6ACE6F122A45E5D700BE1481 /* Base */ = {isa = PBXFileReference; lastKnownFileType = file.storyboard; name = Base; path = Base.lproj/Main.storyboard; sourceTree = "<group>"; };
		6ACE6F142A45E5D800BE1481 /* Assets.xcassets */ = {isa = PBXFileReference; lastKnownFileType = folder.assetcatalog; path = Assets.xcassets; sourceTree = "<group>"; };
		6ACE6F172A45E5D800BE1481 /* Base */ = {isa = PBXFileReference; lastKnownFileType = file.storyboard; name = Base; path = Base.lproj/LaunchScreen.storyboard; sourceTree = "<group>"; };
		6ACE6F192A45E5D800BE1481 /* Info.plist */ = {isa = PBXFileReference; lastKnownFileType = text.plist.xml; path = Info.plist; sourceTree = "<group>"; };
		6ACE6F202A45E76B00BE1481 /* WeatherListTableViewController.swift */ = {isa = PBXFileReference; lastKnownFileType = sourcecode.swift; path = WeatherListTableViewController.swift; sourceTree = "<group>"; };
		6ACE6F222A45E79C00BE1481 /* AddWeatherCityViewController.swift */ = {isa = PBXFileReference; lastKnownFileType = sourcecode.swift; path = AddWeatherCityViewController.swift; sourceTree = "<group>"; };
		6ACE6F252A46051B00BE1481 /* WeatherCell.swift */ = {isa = PBXFileReference; lastKnownFileType = sourcecode.swift; path = WeatherCell.swift; sourceTree = "<group>"; };
		6ACE6F282A460DA000BE1481 /* WebService.swift */ = {isa = PBXFileReference; lastKnownFileType = sourcecode.swift; path = WebService.swift; sourceTree = "<group>"; };
/* End PBXFileReference section */

/* Begin PBXFrameworksBuildPhase section */
		6ACE6F052A45E5D700BE1481 /* Frameworks */ = {
			isa = PBXFrameworksBuildPhase;
			buildActionMask = 2147483647;
			files = (
			);
			runOnlyForDeploymentPostprocessing = 0;
		};
/* End PBXFrameworksBuildPhase section */

/* Begin PBXGroup section */
		6ACE6EFF2A45E5D700BE1481 = {
			isa = PBXGroup;
			children = (
				6ACE6F0A2A45E5D700BE1481 /* GoodWeather_MVVM */,
				6ACE6F092A45E5D700BE1481 /* Products */,
			);
			sourceTree = "<group>";
		};
		6ACE6F092A45E5D700BE1481 /* Products */ = {
			isa = PBXGroup;
			children = (
				6ACE6F082A45E5D700BE1481 /* GoodWeather_MVVM.app */,
			);
			name = Products;
			sourceTree = "<group>";
		};
		6ACE6F0A2A45E5D700BE1481 /* GoodWeather_MVVM */ = {
			isa = PBXGroup;
			children = (
				6ACE6F272A460D9700BE1481 /* Services */,
				6ACE6F242A46050200BE1481 /* Custom Cells */,
				6ACE6F1F2A45E75200BE1481 /* Controllers */,
				6ACE6F0B2A45E5D700BE1481 /* AppDelegate.swift */,
				6ACE6F0D2A45E5D700BE1481 /* SceneDelegate.swift */,
				6ACE6F112A45E5D700BE1481 /* Main.storyboard */,
				6ACE6F142A45E5D800BE1481 /* Assets.xcassets */,
				6ACE6F162A45E5D800BE1481 /* LaunchScreen.storyboard */,
				6ACE6F192A45E5D800BE1481 /* Info.plist */,
			);
			path = GoodWeather_MVVM;
			sourceTree = "<group>";
		};
		6ACE6F1F2A45E75200BE1481 /* Controllers */ = {
			isa = PBXGroup;
			children = (
				6ACE6F202A45E76B00BE1481 /* WeatherListTableViewController.swift */,
				6ACE6F222A45E79C00BE1481 /* AddWeatherCityViewController.swift */,
			);
			path = Controllers;
			sourceTree = "<group>";
		};
		6ACE6F242A46050200BE1481 /* Custom Cells */ = {
			isa = PBXGroup;
			children = (
				6ACE6F252A46051B00BE1481 /* WeatherCell.swift */,
			);
			path = "Custom Cells";
			sourceTree = "<group>";
		};
		6ACE6F272A460D9700BE1481 /* Services */ = {
			isa = PBXGroup;
			children = (
				6ACE6F282A460DA000BE1481 /* WebService.swift */,
			);
			path = Services;
			sourceTree = "<group>";
		};
/* End PBXGroup section */

/* Begin PBXNativeTarget section */
		6ACE6F072A45E5D700BE1481 /* GoodWeather_MVVM */ = {
			isa = PBXNativeTarget;
			buildConfigurationList = 6ACE6F1C2A45E5D800BE1481 /* Build configuration list for PBXNativeTarget "GoodWeather_MVVM" */;
			buildPhases = (
				6ACE6F042A45E5D700BE1481 /* Sources */,
				6ACE6F052A45E5D700BE1481 /* Frameworks */,
				6ACE6F062A45E5D700BE1481 /* Resources */,
			);
			buildRules = (
			);
			dependencies = (
			);
			name = GoodWeather_MVVM;
			productName = GoodWeather_MVVM;
			productReference = 6ACE6F082A45E5D700BE1481 /* GoodWeather_MVVM.app */;
			productType = "com.apple.product-type.application";
		};
/* End PBXNativeTarget section */

/* Begin PBXProject section */
		6ACE6F002A45E5D700BE1481 /* Project object */ = {
			isa = PBXProject;
			attributes = {
				BuildIndependentTargetsInParallel = 1;
				LastSwiftUpdateCheck = 1430;
				LastUpgradeCheck = 1430;
				TargetAttributes = {
					6ACE6F072A45E5D700BE1481 = {
						CreatedOnToolsVersion = 14.3.1;
					};
				};
			};
			buildConfigurationList = 6ACE6F032A45E5D700BE1481 /* Build configuration list for PBXProject "GoodWeather_MVVM" */;
			compatibilityVersion = "Xcode 14.0";
			developmentRegion = en;
			hasScannedForEncodings = 0;
			knownRegions = (
				en,
				Base,
			);
			mainGroup = 6ACE6EFF2A45E5D700BE1481;
			productRefGroup = 6ACE6F092A45E5D700BE1481 /* Products */;
			projectDirPath = "";
			projectRoot = "";
			targets = (
				6ACE6F072A45E5D700BE1481 /* GoodWeather_MVVM */,
			);
		};
/* End PBXProject section */

/* Begin PBXResourcesBuildPhase section */
		6ACE6F062A45E5D700BE1481 /* Resources */ = {
			isa = PBXResourcesBuildPhase;
			buildActionMask = 2147483647;
			files = (
				6ACE6F182A45E5D800BE1481 /* LaunchScreen.storyboard in Resources */,
				6ACE6F152A45E5D800BE1481 /* Assets.xcassets in Resources */,
				6ACE6F132A45E5D700BE1481 /* Main.storyboard in Resources */,
			);
			runOnlyForDeploymentPostprocessing = 0;
		};
/* End PBXResourcesBuildPhase section */

/* Begin PBXSourcesBuildPhase section */
		6ACE6F042A45E5D700BE1481 /* Sources */ = {
			isa = PBXSourcesBuildPhase;
			buildActionMask = 2147483647;
			files = (
				6ACE6F292A460DA000BE1481 /* WebService.swift in Sources */,
				6ACE6F0C2A45E5D700BE1481 /* AppDelegate.swift in Sources */,
				6ACE6F232A45E79C00BE1481 /* AddWeatherCityViewController.swift in Sources */,
				6ACE6F262A46051B00BE1481 /* WeatherCell.swift in Sources */,
				6ACE6F212A45E76B00BE1481 /* WeatherListTableViewController.swift in Sources */,
				6ACE6F0E2A45E5D700BE1481 /* SceneDelegate.swift in Sources */,
			);
			runOnlyForDeploymentPostprocessing = 0;
		};
/* End PBXSourcesBuildPhase section */

/* Begin PBXVariantGroup section */
		6ACE6F112A45E5D700BE1481 /* Main.storyboard */ = {
			isa = PBXVariantGroup;
			children = (
				6ACE6F122A45E5D700BE1481 /* Base */,
			);
			name = Main.storyboard;
			sourceTree = "<group>";
		};
		6ACE6F162A45E5D800BE1481 /* LaunchScreen.storyboard */ = {
			isa = PBXVariantGroup;
			children = (
				6ACE6F172A45E5D800BE1481 /* Base */,
			);
			name = LaunchScreen.storyboard;
			sourceTree = "<group>";
		};
/* End PBXVariantGroup section */

/* Begin XCBuildConfiguration section */
		6ACE6F1A2A45E5D800BE1481 /* Debug */ = {
			isa = XCBuildConfiguration;
			buildSettings = {
				ALWAYS_SEARCH_USER_PATHS = NO;
				CLANG_ANALYZER_NONNULL = YES;
				CLANG_ANALYZER_NUMBER_OBJECT_CONVERSION = YES_AGGRESSIVE;
				CLANG_CXX_LANGUAGE_STANDARD = "gnu++20";
				CLANG_ENABLE_MODULES = YES;
				CLANG_ENABLE_OBJC_ARC = YES;
				CLANG_ENABLE_OBJC_WEAK = YES;
				CLANG_WARN_BLOCK_CAPTURE_AUTORELEASING = YES;
				CLANG_WARN_BOOL_CONVERSION = YES;
				CLANG_WARN_COMMA = YES;
				CLANG_WARN_CONSTANT_CONVERSION = YES;
				CLANG_WARN_DEPRECATED_OBJC_IMPLEMENTATIONS = YES;
				CLANG_WARN_DIRECT_OBJC_ISA_USAGE = YES_ERROR;
				CLANG_WARN_DOCUMENTATION_COMMENTS = YES;
				CLANG_WARN_EMPTY_BODY = YES;
				CLANG_WARN_ENUM_CONVERSION = YES;
				CLANG_WARN_INFINITE_RECURSION = YES;
				CLANG_WARN_INT_CONVERSION = YES;
				CLANG_WARN_NON_LITERAL_NULL_CONVERSION = YES;
				CLANG_WARN_OBJC_IMPLICIT_RETAIN_SELF = YES;
				CLANG_WARN_OBJC_LITERAL_CONVERSION = YES;
				CLANG_WARN_OBJC_ROOT_CLASS = YES_ERROR;
				CLANG_WARN_QUOTED_INCLUDE_IN_FRAMEWORK_HEADER = YES;
				CLANG_WARN_RANGE_LOOP_ANALYSIS = YES;
				CLANG_WARN_STRICT_PROTOTYPES = YES;
				CLANG_WARN_SUSPICIOUS_MOVE = YES;
				CLANG_WARN_UNGUARDED_AVAILABILITY = YES_AGGRESSIVE;
				CLANG_WARN_UNREACHABLE_CODE = YES;
				CLANG_WARN__DUPLICATE_METHOD_MATCH = YES;
				COPY_PHASE_STRIP = NO;
				DEBUG_INFORMATION_FORMAT = dwarf;
				ENABLE_STRICT_OBJC_MSGSEND = YES;
				ENABLE_TESTABILITY = YES;
				GCC_C_LANGUAGE_STANDARD = gnu11;
				GCC_DYNAMIC_NO_PIC = NO;
				GCC_NO_COMMON_BLOCKS = YES;
				GCC_OPTIMIZATION_LEVEL = 0;
				GCC_PREPROCESSOR_DEFINITIONS = (
					"DEBUG=1",
					"$(inherited)",
				);
				GCC_WARN_64_TO_32_BIT_CONVERSION = YES;
				GCC_WARN_ABOUT_RETURN_TYPE = YES_ERROR;
				GCC_WARN_UNDECLARED_SELECTOR = YES;
				GCC_WARN_UNINITIALIZED_AUTOS = YES_AGGRESSIVE;
				GCC_WARN_UNUSED_FUNCTION = YES;
				GCC_WARN_UNUSED_VARIABLE = YES;
				IPHONEOS_DEPLOYMENT_TARGET = 16.4;
				MTL_ENABLE_DEBUG_INFO = INCLUDE_SOURCE;
				MTL_FAST_MATH = YES;
				ONLY_ACTIVE_ARCH = YES;
				SDKROOT = iphoneos;
				SWIFT_ACTIVE_COMPILATION_CONDITIONS = DEBUG;
				SWIFT_OPTIMIZATION_LEVEL = "-Onone";
			};
			name = Debug;
		};
		6ACE6F1B2A45E5D800BE1481 /* Release */ = {
			isa = XCBuildConfiguration;
			buildSettings = {
				ALWAYS_SEARCH_USER_PATHS = NO;
				CLANG_ANALYZER_NONNULL = YES;
				CLANG_ANALYZER_NUMBER_OBJECT_CONVERSION = YES_AGGRESSIVE;
				CLANG_CXX_LANGUAGE_STANDARD = "gnu++20";
				CLANG_ENABLE_MODULES = YES;
				CLANG_ENABLE_OBJC_ARC = YES;
				CLANG_ENABLE_OBJC_WEAK = YES;
				CLANG_WARN_BLOCK_CAPTURE_AUTORELEASING = YES;
				CLANG_WARN_BOOL_CONVERSION = YES;
				CLANG_WARN_COMMA = YES;
				CLANG_WARN_CONSTANT_CONVERSION = YES;
				CLANG_WARN_DEPRECATED_OBJC_IMPLEMENTATIONS = YES;
				CLANG_WARN_DIRECT_OBJC_ISA_USAGE = YES_ERROR;
				CLANG_WARN_DOCUMENTATION_COMMENTS = YES;
				CLANG_WARN_EMPTY_BODY = YES;
				CLANG_WARN_ENUM_CONVERSION = YES;
				CLANG_WARN_INFINITE_RECURSION = YES;
				CLANG_WARN_INT_CONVERSION = YES;
				CLANG_WARN_NON_LITERAL_NULL_CONVERSION = YES;
				CLANG_WARN_OBJC_IMPLICIT_RETAIN_SELF = YES;
				CLANG_WARN_OBJC_LITERAL_CONVERSION = YES;
				CLANG_WARN_OBJC_ROOT_CLASS = YES_ERROR;
				CLANG_WARN_QUOTED_INCLUDE_IN_FRAMEWORK_HEADER = YES;
				CLANG_WARN_RANGE_LOOP_ANALYSIS = YES;
				CLANG_WARN_STRICT_PROTOTYPES = YES;
				CLANG_WARN_SUSPICIOUS_MOVE = YES;
				CLANG_WARN_UNGUARDED_AVAILABILITY = YES_AGGRESSIVE;
				CLANG_WARN_UNREACHABLE_CODE = YES;
				CLANG_WARN__DUPLICATE_METHOD_MATCH = YES;
				COPY_PHASE_STRIP = NO;
				DEBUG_INFORMATION_FORMAT = "dwarf-with-dsym";
				ENABLE_NS_ASSERTIONS = NO;
				ENABLE_STRICT_OBJC_MSGSEND = YES;
				GCC_C_LANGUAGE_STANDARD = gnu11;
				GCC_NO_COMMON_BLOCKS = YES;
				GCC_WARN_64_TO_32_BIT_CONVERSION = YES;
				GCC_WARN_ABOUT_RETURN_TYPE = YES_ERROR;
				GCC_WARN_UNDECLARED_SELECTOR = YES;
				GCC_WARN_UNINITIALIZED_AUTOS = YES_AGGRESSIVE;
				GCC_WARN_UNUSED_FUNCTION = YES;
				GCC_WARN_UNUSED_VARIABLE = YES;
				IPHONEOS_DEPLOYMENT_TARGET = 16.4;
				MTL_ENABLE_DEBUG_INFO = NO;
				MTL_FAST_MATH = YES;
				SDKROOT = iphoneos;
				SWIFT_COMPILATION_MODE = wholemodule;
				SWIFT_OPTIMIZATION_LEVEL = "-O";
				VALIDATE_PRODUCT = YES;
			};
			name = Release;
		};
		6ACE6F1D2A45E5D800BE1481 /* Debug */ = {
			isa = XCBuildConfiguration;
			buildSettings = {
				ASSETCATALOG_COMPILER_APPICON_NAME = AppIcon;
				ASSETCATALOG_COMPILER_GLOBAL_ACCENT_COLOR_NAME = AccentColor;
				CODE_SIGN_STYLE = Automatic;
				CURRENT_PROJECT_VERSION = 1;
				DEVELOPMENT_TEAM = D4LQGMGRF2;
				GENERATE_INFOPLIST_FILE = YES;
				INFOPLIST_FILE = GoodWeather_MVVM/Info.plist;
				INFOPLIST_KEY_UIApplicationSupportsIndirectInputEvents = YES;
				INFOPLIST_KEY_UILaunchStoryboardName = LaunchScreen;
				INFOPLIST_KEY_UIMainStoryboardFile = Main;
				INFOPLIST_KEY_UIStatusBarStyle = UIStatusBarStyleLightContent;
				INFOPLIST_KEY_UISupportedInterfaceOrientations_iPad = "UIInterfaceOrientationPortrait UIInterfaceOrientationPortraitUpsideDown UIInterfaceOrientationLandscapeLeft UIInterfaceOrientationLandscapeRight";
				INFOPLIST_KEY_UISupportedInterfaceOrientations_iPhone = "UIInterfaceOrientationPortrait UIInterfaceOrientationLandscapeLeft UIInterfaceOrientationLandscapeRight";
				LD_RUNPATH_SEARCH_PATHS = (
					"$(inherited)",
					"@executable_path/Frameworks",
				);
				MARKETING_VERSION = 1.0;
				PRODUCT_BUNDLE_IDENTIFIER = "com.ogulcanasa.GoodWeather-MVVM";
				PRODUCT_NAME = "$(TARGET_NAME)";
				SWIFT_EMIT_LOC_STRINGS = YES;
				SWIFT_VERSION = 5.0;
				TARGETED_DEVICE_FAMILY = "1,2";
			};
			name = Debug;
		};
		6ACE6F1E2A45E5D800BE1481 /* Release */ = {
			isa = XCBuildConfiguration;
			buildSettings = {
				ASSETCATALOG_COMPILER_APPICON_NAME = AppIcon;
				ASSETCATALOG_COMPILER_GLOBAL_ACCENT_COLOR_NAME = AccentColor;
				CODE_SIGN_STYLE = Automatic;
				CURRENT_PROJECT_VERSION = 1;
				DEVELOPMENT_TEAM = D4LQGMGRF2;
				GENERATE_INFOPLIST_FILE = YES;
				INFOPLIST_FILE = GoodWeather_MVVM/Info.plist;
				INFOPLIST_KEY_UIApplicationSupportsIndirectInputEvents = YES;
				INFOPLIST_KEY_UILaunchStoryboardName = LaunchScreen;
				INFOPLIST_KEY_UIMainStoryboardFile = Main;
				INFOPLIST_KEY_UIStatusBarStyle = UIStatusBarStyleLightContent;
				INFOPLIST_KEY_UISupportedInterfaceOrientations_iPad = "UIInterfaceOrientationPortrait UIInterfaceOrientationPortraitUpsideDown UIInterfaceOrientationLandscapeLeft UIInterfaceOrientationLandscapeRight";
				INFOPLIST_KEY_UISupportedInterfaceOrientations_iPhone = "UIInterfaceOrientationPortrait UIInterfaceOrientationLandscapeLeft UIInterfaceOrientationLandscapeRight";
				LD_RUNPATH_SEARCH_PATHS = (
					"$(inherited)",
					"@executable_path/Frameworks",
				);
				MARKETING_VERSION = 1.0;
				PRODUCT_BUNDLE_IDENTIFIER = "com.ogulcanasa.GoodWeather-MVVM";
				PRODUCT_NAME = "$(TARGET_NAME)";
				SWIFT_EMIT_LOC_STRINGS = YES;
				SWIFT_VERSION = 5.0;
				TARGETED_DEVICE_FAMILY = "1,2";
			};
			name = Release;
		};
/* End XCBuildConfiguration section */

/* Begin XCConfigurationList section */
		6ACE6F032A45E5D700BE1481 /* Build configuration list for PBXProject "GoodWeather_MVVM" */ = {
			isa = XCConfigurationList;
			buildConfigurations = (
				6ACE6F1A2A45E5D800BE1481 /* Debug */,
				6ACE6F1B2A45E5D800BE1481 /* Release */,
			);
			defaultConfigurationIsVisible = 0;
			defaultConfigurationName = Release;
		};
		6ACE6F1C2A45E5D800BE1481 /* Build configuration list for PBXNativeTarget "GoodWeather_MVVM" */ = {
			isa = XCConfigurationList;
			buildConfigurations = (
				6ACE6F1D2A45E5D800BE1481 /* Debug */,
				6ACE6F1E2A45E5D800BE1481 /* Release */,
			);
			defaultConfigurationIsVisible = 0;
			defaultConfigurationName = Release;
		};
/* End XCConfigurationList section */
	};
	rootObject = 6ACE6F002A45E5D700BE1481 /* Project object */;
}
